Microsoft Visual Studio Solution File, Format Version 12.00
# Visual Studio 15
VisualStudioVersion = 15.0.26124.0
MinimumVisualStudioVersion = 15.0.26124.0
Project("{FAE04EC0-301F-11D3-BF4B-00C04F79EFBC}") = "PauseMenuText.Client", "Client\PauseMenuText.Client.csproj", "{D2645F63-6CDD-4D89-A3B1-741A7293B2FE}"
EndProject
Global
	GlobalSection(SolutionConfigurationPlatforms) = preSolution
		Debug|Any CPU = Debug|Any CPU
		Release|Any CPU = Release|Any CPU
	EndGlobalSection
	GlobalSection(SolutionProperties) = preSolution
		HideSolutionNode = FALSE
	EndGlobalSection
	GlobalSection(ProjectConfigurationPlatforms) = postSolution
		{D2645F63-6CDD-4D89-A3B1-741A7293B2FE}.Debug|Any CPU.ActiveCfg = Debug|Any CPU
		{D2645F63-6CDD-4D89-A3B1-741A7293B2FE}.Debug|Any CPU.Build.0 = Debug|Any CPU
		{D2645F63-6CDD-4D89-A3B1-741A7293B2FE}.Release|Any CPU.ActiveCfg = Release|Any CPU
		{D2645F63-6CDD-4D89-A3B1-741A7293B2FE}.Release|Any CPU.Build.0 = Release|Any CPU
		{4A117DE2-3621-4821-AB42-DEE07E6FF6D6}.Debug|Any CPU.ActiveCfg = Debug|Any CPU
		{4A117DE2-3621-4821-AB42-DEE07E6FF6D6}.Debug|Any CPU.Build.0 = Debug|Any CPU
		{4A117DE2-3621-4821-AB42-DEE07E6FF6D6}.Release|Any CPU.ActiveCfg = Release|Any CPU
		{4A117DE2-3621-4821-AB42-DEE07E6FF6D6}.Release|Any CPU.Build.0 = Release|Any CPU
	EndGlobalSection
EndGlobal
